{
  "lockfile_version": "1",
  "packages": {
    "beancount@latest": {
      "last_modified": "2026-01-23T17:20:52Z",
      "resolved": "github:NixOS/nixpkgs/a1bab9e494f5f4939442a57a58d0449a109593fe#beancount",
      "source": "devbox-search",
      "version": "3.2.0",
      "systems": {
        "aarch64-darwin": {
          "outputs": [
            {
              "name": "out",
              "path": "/nix/store/d6j8frn7ciznwcgyfgnggayq2lz8v04y-python3.13-beancount-3.2.0",
              "default": true
            },
            {
              "name": "dist",
              "path": "/nix/store/dl5kf1k2b17diaixqgphkgajh24r931j-python3.13-beancount-3.2.0-dist"
            }
          ],
          "store_path": "/nix/store/d6j8frn7ciznwcgyfgnggayq2lz8v04y-python3.13-beancount-3.2.0"
        },
        "aarch64-linux": {
          "outputs": [
            {
              "name": "out",
              "path": "/nix/store/1cgkf8i85q2y0glf357vx96c7fph0g98-python3.13-beancount-3.2.0",
              "default": true
            },
            {
              "name": "dist",
              "path": "/nix/store/kf0rm7v04svcmpz30q9js4as7cd7d6bh-python3.13-beancount-3.2.0-dist"
            }
          ],
          "store_path": "/nix/store/1cgkf8i85q2y0glf357vx96c7fph0g98-python3.13-beancount-3.2.0"
        },
        "x86_64-darwin": {
          "outputs": [
            {
              "name": "out",
              "path": "/nix/store/k05cqqgi79zcfc1rfp3bhks061dxk56k-python3.13-beancount-3.2.0",
              "default": true
            },
            {
              "name": "dist",
              "path": "/nix/store/7f7g8ric1vaqb7ld8swgi9rqw5xp4ifr-python3.13-beancount-3.2.0-dist"
            }
          ],
          "store_path": "/nix/store/k05cqqgi79zcfc1rfp3bhks061dxk56k-python3.13-beancount-3.2.0"
        },
        "x86_64-linux": {
          "outputs": [
            {
              "name": "out",
              "path": "/nix/store/iyq28gvlpiwxi2hdpsc16gb68bd2g837-python3.13-beancount-3.2.0",
              "default": true
            },
            {
              "name": "dist",
              "path": "/nix/store/2vr5z9yqazhiwall0625rlywdcyz11li-python3.13-beancount-3.2.0-dist"
            }
          ],
          "store_path": "/nix/store/iyq28gvlpiwxi2hdpsc16gb68bd2g837-python3.13-beancount-3.2.0"
        }
      }
    },
    "chezmoi@latest": {
      "last_modified": "2026-01-23T17:20:52Z",
      "resolved": "github:NixOS/nixpkgs/a1bab9e494f5f4939442a57a58d0449a109593fe#chezmoi",
      "source": "devbox-search",
      "version": "2.69.3",
      "systems": {
        "aarch64-darwin": {
          "outputs": [
            {
              "name": "out",
              "path": "/nix/store/pajf6za8angvlsx0m0ql3p43lp6735fh-chezmoi-2.69.3",
              "default": true
            }
          ],
          "store_path": "/nix/store/pajf6za8angvlsx0m0ql3p43lp6735fh-chezmoi-2.69.3"
        },
        "aarch64-linux": {
          "outputs": [
            {
              "name": "out",
              "path": "/nix/store/8y7s3gwy3j4pac0vzzax7yi3avjka01p-chezmoi-2.69.3",
              "default": true
            }
          ],
          "store_path": "/nix/store/8y7s3gwy3j4pac0vzzax7yi3avjka01p-chezmoi-2.69.3"
        },
        "x86_64-darwin": {
          "outputs": [
            {
              "name": "out",
              "path": "/nix/store/m7c5kizkyllzsk6lkzdjfd9zfw9xfwfl-chezmoi-2.69.3",
              "default": true
            }
          ],
          "store_path": "/nix/store/m7c5kizkyllzsk6lkzdjfd9zfw9xfwfl-chezmoi-2.69.3"
        },
        "x86_64-linux": {
          "outputs": [
            {
              "name": "out",
              "path": "/nix/store/39g0hlsacd4692zpbdl5kbnqp4mn9icm-chezmoi-2.69.3",
              "default": true
            }
          ],
          "store_path": "/nix/store/39g0hlsacd4692zpbdl5kbnqp4mn9icm-chezmoi-2.69.3"
        }
      }
    },
    "gh@latest": {
      "last_modified": "2026-01-23T17:20:52Z",
      "resolved": "github:NixOS/nixpkgs/a1bab9e494f5f4939442a57a58d0449a109593fe#gh",
      "source": "devbox-search",
      "version": "2.86.0",
      "systems": {
        "aarch64-darwin": {
          "outputs": [
            {
              "name": "out",
              "path": "/nix/store/y207r5sjcd81gfnsxxssgiiiwl6mcg6f-gh-2.86.0",
              "default": true
            }
          ],
          "store_path": "/nix/store/y207r5sjcd81gfnsxxssgiiiwl6mcg6f-gh-2.86.0"
        },
        "aarch64-linux": {
          "outputs": [
            {
              "name": "out",
              "path": "/nix/store/zx4plaf0z1yv06wdhxxhpbm7kmslm2r8-gh-2.86.0",
              "default": true
            }
          ],
          "store_path": "/nix/store/zx4plaf0z1yv06wdhxxhpbm7kmslm2r8-gh-2.86.0"
        },
        "x86_64-darwin": {
          "outputs": [
            {
              "name": "out",
              "path": "/nix/store/vhpac8ld4xkaa13bsrbwnyrmlcxsg57q-gh-2.86.0",
              "default": true
            }
          ],
          "store_path": "/nix/store/vhpac8ld4xkaa13bsrbwnyrmlcxsg57q-gh-2.86.0"
        },
        "x86_64-linux": {
          "outputs": [
            {
              "name": "out",
              "path": "/nix/store/xf3rb2kmk19092b1pf50ag0fsj2f6hpa-gh-2.86.0",
              "default": true
            }
          ],
          "store_path": "/nix/store/xf3rb2kmk19092b1pf50ag0fsj2f6hpa-gh-2.86.0"
        }
      }
    },
    "git@latest": {
      "last_modified": "2026-01-23T17:20:52Z",
      "resolved": "github:NixOS/nixpkgs/a1bab9e494f5f4939442a57a58d0449a109593fe#git",
      "source": "devbox-search",
      "version": "2.52.0",
      "systems": {
        "aarch64-darwin": {
          "outputs": [
            {
              "name": "out",
              "path": "/nix/store/vnhprisb777byfjpp5mdd0mxwkpvhbc0-git-2.52.0",
              "default": true
            },
            {
              "name": "doc",
              "path": "/nix/store/p0dx3053175fpr3kjf0fqgs9x6gm3dri-git-2.52.0-doc"
            }
          ],
          "store_path": "/nix/store/vnhprisb777byfjpp5mdd0mxwkpvhbc0-git-2.52.0"
        },
        "aarch64-linux": {
          "outputs": [
            {
              "name": "out",
              "path": "/nix/store/sd4bjblxfljbm13mpl50x8g336gw2dri-git-2.52.0",
              "default": true
            },
            {
              "name": "debug",
              "path": "/nix/store/cx033x4nmr12d9dcn8hxjfrajc3983f0-git-2.52.0-debug"
            },
            {
              "name": "doc",
              "path": "/nix/store/ylsmgdrnp78p8hn7n9lxpada78dka41v-git-2.52.0-doc"
            }
          ],
          "store_path": "/nix/store/sd4bjblxfljbm13mpl50x8g336gw2dri-git-2.52.0"
        },
        "x86_64-darwin": {
          "outputs": [
            {
              "name": "out",
              "path": "/nix/store/sr42bfqa0pc2ysba678mrm49g78jdynp-git-2.52.0",
              "default": true
            },
            {
              "name": "doc",
              "path": "/nix/store/fky0ci2bhwgyh9klg5682pmqswqg7wk4-git-2.52.0-doc"
            }
          ],
          "store_path": "/nix/store/sr42bfqa0pc2ysba678mrm49g78jdynp-git-2.52.0"
        },
        "x86_64-linux": {
          "outputs": [
            {
              "name": "out",
              "path": "/nix/store/ipwndaag56mm8g8gn8j98z0jvn8x4mk1-git-2.52.0",
              "default": true
            },
            {
              "name": "debug",
              "path": "/nix/store/zd8di23fmzjwrhb5ij1bjnlfqkx9j7d6-git-2.52.0-debug"
            },
            {
              "name": "doc",
              "path": "/nix/store/d8kc4kqzcrbcj92msxrpdsdjglh2q5gp-git-2.52.0-doc"
            }
          ],
          "store_path": "/nix/store/ipwndaag56mm8g8gn8j98z0jvn8x4mk1-git-2.52.0"
        }
      }
    },
    "hledger@latest": {
      "last_modified": "2026-01-23T17:20:52Z",
      "resolved": "github:NixOS/nixpkgs/a1bab9e494f5f4939442a57a58d0449a109593fe#hledger",
      "source": "devbox-search",
      "version": "1.51.1",
      "systems": {
        "aarch64-darwin": {
          "outputs": [
            {
              "name": "out",
              "path": "/nix/store/dz5spbi188v6kcg68253d7v98whrcs7s-hledger-1.51.1",
              "default": true
            }
          ],
          "store_path": "/nix/store/dz5spbi188v6kcg68253d7v98whrcs7s-hledger-1.51.1"
        },
        "aarch64-linux": {
          "outputs": [
            {
              "name": "out",
              "path": "/nix/store/2dcagb4armqm3vkbwmmd1ci0m5qhgq24-hledger-1.51.1",
              "default": true
            }
          ],
          "store_path": "/nix/store/2dcagb4armqm3vkbwmmd1ci0m5qhgq24-hledger-1.51.1"
        },
        "x86_64-darwin": {
          "outputs": [
            {
              "name": "out",
              "path": "/nix/store/fdnvxlcfd35wmwapairsw0a3zfr6fk9q-hledger-1.51.1",
              "default": true
            }
          ],
          "store_path": "/nix/store/fdnvxlcfd35wmwapairsw0a3zfr6fk9q-hledger-1.51.1"
        },
        "x86_64-linux": {
          "outputs": [
            {
              "name": "out",
              "path": "/nix/store/9qh6fpjccml9ab5wvj3ddbdb99ka84fn-hledger-1.51.1",
              "default": true
            }
          ],
          "store_path": "/nix/store/9qh6fpjccml9ab5wvj3ddbdb99ka84fn-hledger-1.51.1"
        }
      }
    },
    "mas@latest": {
      "last_modified": "2026-01-23T17:20:52Z",
      "resolved": "github:NixOS/nixpkgs/a1bab9e494f5f4939442a57a58d0449a109593fe#mas",
      "source": "devbox-search",
      "version": "4.1.0",
      "systems": {
        "aarch64-darwin": {
          "outputs": [
            {
              "name": "out",
              "path": "/nix/store/0c017l9abcrwqkdwqshlm7alh2zcjda2-mas-4.1.0",
              "default": true
            }
          ],
          "store_path": "/nix/store/0c017l9abcrwqkdwqshlm7alh2zcjda2-mas-4.1.0"
        },
        "x86_64-darwin": {
          "outputs": [
            {
              "name": "out",
              "path": "/nix/store/fqj3yaa0mwczix0ia32dmzs7kxxab0q6-mas-4.1.0",
              "default": true
            }
          ],
          "store_path": "/nix/store/fqj3yaa0mwczix0ia32dmzs7kxxab0q6-mas-4.1.0"
        }
      }
    },
    "mise@latest": {
      "last_modified": "2026-01-27T15:18:14Z",
      "resolved": "github:NixOS/nixpkgs/afce96367b2e37fc29afb5543573cd49db3357b7#mise",
      "source": "devbox-search",
      "version": "2026.1.8",
      "systems": {
        "aarch64-darwin": {
          "outputs": [
            {
              "name": "out",
              "path": "/nix/store/ypwba25j8saigxg1476gvqc5c4zbscch-mise-2026.1.8",
              "default": true
            }
          ],
          "store_path": "/nix/store/ypwba25j8saigxg1476gvqc5c4zbscch-mise-2026.1.8"
        },
        "aarch64-linux": {
          "outputs": [
            {
              "name": "out",
              "path": "/nix/store/ihpy0fpycja1xn6nq34q79gzlwfimnxp-mise-2026.1.8",
              "default": true
            }
          ],
          "store_path": "/nix/store/ihpy0fpycja1xn6nq34q79gzlwfimnxp-mise-2026.1.8"
        },
        "x86_64-darwin": {
          "outputs": [
            {
              "name": "out",
              "path": "/nix/store/by46nl2hqwhi3n7bcdq0218fv26kaw4g-mise-2026.1.8",
              "default": true
            }
          ],
          "store_path": "/nix/store/by46nl2hqwhi3n7bcdq0218fv26kaw4g-mise-2026.1.8"
        },
        "x86_64-linux": {
          "outputs": [
            {
              "name": "out",
              "path": "/nix/store/3by1m48kyank64w2kz9hcj9imj7k4aah-mise-2026.1.8",
              "default": true
            }
          ],
          "store_path": "/nix/store/3by1m48kyank64w2kz9hcj9imj7k4aah-mise-2026.1.8"
        }
      }
    },
    "neovim@latest": {
      "last_modified": "2026-01-27T15:18:14Z",
      "resolved": "github:NixOS/nixpkgs/afce96367b2e37fc29afb5543573cd49db3357b7#neovim",
      "source": "devbox-search",
      "version": "0.11.6",
      "systems": {
        "aarch64-darwin": {
          "outputs": [
            {
              "name": "out",
              "path": "/nix/store/kx83ksjgs28dr2cd5crwq0if4dnsrcxz-neovim-0.11.6",
              "default": true
            }
          ],
          "store_path": "/nix/store/kx83ksjgs28dr2cd5crwq0if4dnsrcxz-neovim-0.11.6"
        },
        "aarch64-linux": {
          "outputs": [
            {
              "name": "out",
              "path": "/nix/store/xnjaf8hpb4mc1zxaylahiz77k3qkki7w-neovim-0.11.6",
              "default": true
            }
          ],
          "store_path": "/nix/store/xnjaf8hpb4mc1zxaylahiz77k3qkki7w-neovim-0.11.6"
        },
        "x86_64-darwin": {
          "outputs": [
            {
              "name": "out",
              "path": "/nix/store/yslnqf4mbxrqmg0im3yhvbyf71m9199f-neovim-0.11.6",
              "default": true
            }
          ],
          "store_path": "/nix/store/yslnqf4mbxrqmg0im3yhvbyf71m9199f-neovim-0.11.6"
        },
        "x86_64-linux": {
          "outputs": [
            {
              "name": "out",
              "path": "/nix/store/a3ncnk80dqqcnv3jvhdky8ydbabwg7xp-neovim-0.11.6",
              "default": true
            }
          ],
          "store_path": "/nix/store/a3ncnk80dqqcnv3jvhdky8ydbabwg7xp-neovim-0.11.6"
        }
      }
    },
    "shellcheck@latest": {
      "last_modified": "2026-01-23T17:20:52Z",
      "resolved": "github:NixOS/nixpkgs/a1bab9e494f5f4939442a57a58d0449a109593fe#shellcheck",
      "source": "devbox-search",
      "version": "0.11.0",
      "systems": {
        "aarch64-darwin": {
          "outputs": [
            {
              "name": "bin",
              "path": "/nix/store/5svbr3cprv2d48534yps86b05fkk22xd-shellcheck-0.11.0-bin",
              "default": true
            },
            {
              "name": "man",
              "path": "/nix/store/spnvyf4cyw041ypaj2mlk2zznwdvjxyw-shellcheck-0.11.0-man",
              "default": true
            },
            {
              "name": "doc",
              "path": "/nix/store/s8jimz0bjmypxi1djmvvlay7yqqv9l99-shellcheck-0.11.0-doc",
              "default": true
            },
            {
              "name": "out",
              "path": "/nix/store/ckh6hj54z0vr9phnk0fhx9smqv04w6hg-shellcheck-0.11.0"
            }
          ],
          "store_path": "/nix/store/5svbr3cprv2d48534yps86b05fkk22xd-shellcheck-0.11.0-bin"
        },
        "aarch64-linux": {
          "outputs": [
            {
              "name": "bin",
              "path": "/nix/store/hivykwp8bw270rv8dys1j32hv1k6yij0-shellcheck-0.11.0-bin",
              "default": true
            },
            {
              "name": "man",
              "path": "/nix/store/qivjm3rk9hnxc0hid7pjz6dy35kqw6sz-shellcheck-0.11.0-man",
              "default": true
            },
            {
              "name": "doc",
              "path": "/nix/store/bv2khvbymwlm3pgfc351nbxby0h8yp6i-shellcheck-0.11.0-doc",
              "default": true
            },
            {
              "name": "out",
              "path": "/nix/store/3kqdx5p2yz17c369383n20pbfjqqvz5z-shellcheck-0.11.0"
            }
          ],
          "store_path": "/nix/store/hivykwp8bw270rv8dys1j32hv1k6yij0-shellcheck-0.11.0-bin"
        },
        "x86_64-darwin": {
          "outputs": [
            {
              "name": "bin",
              "path": "/nix/store/mpjsi2nrrjbjydvl0a7ii922jkn74k9l-shellcheck-0.11.0-bin",
              "default": true
            },
            {
              "name": "man",
              "path": "/nix/store/djwg6sax91yyhy9hcg9av2iqdpv85xcj-shellcheck-0.11.0-man",
              "default": true
            },
            {
              "name": "doc",
              "path": "/nix/store/4w8jv96gdkajpw2rnx8zxz0dg779mpgl-shellcheck-0.11.0-doc",
              "default": true
            },
            {
              "name": "out",
              "path": "/nix/store/099cyhhwzpm2i9idvha7ns8cvyjzq1s2-shellcheck-0.11.0"
            }
          ],
          "store_path": "/nix/store/mpjsi2nrrjbjydvl0a7ii922jkn74k9l-shellcheck-0.11.0-bin"
        },
        "x86_64-linux": {
          "outputs": [
            {
              "name": "bin",
              "path": "/nix/store/ghz6z8fvri862mgdg5kl95cpfls931h5-shellcheck-0.11.0-bin",
              "default": true
            },
            {
              "name": "man",
              "path": "/nix/store/416rjwbann8hibm3zfj7shrj3i9saq4a-shellcheck-0.11.0-man",
              "default": true
            },
            {
              "name": "doc",
              "path": "/nix/store/mlx7n34i9gh8bryzp8xqb1i756bszarx-shellcheck-0.11.0-doc",
              "default": true
            },
            {
              "name": "out",
              "path": "/nix/store/zrh7hlkglk74pix0bczhkslw2w4qdpzg-shellcheck-0.11.0"
            }
          ],
          "store_path": "/nix/store/ghz6z8fvri862mgdg5kl95cpfls931h5-shellcheck-0.11.0-bin"
        }
      }
    },
    "speedtest-cli@latest": {
      "last_modified": "2026-01-23T17:20:52Z",
      "resolved": "github:NixOS/nixpkgs/a1bab9e494f5f4939442a57a58d0449a109593fe#speedtest-cli",
      "source": "devbox-search",
      "version": "2.1.3",
      "systems": {
        "aarch64-darwin": {
          "outputs": [
            {
              "name": "out",
              "path": "/nix/store/2c9i8l38jshzqsnmh4nhs2b8ysq0r00v-python3.13-speedtest-cli-2.1.3",
              "default": true
            },
            {
              "name": "dist",
              "path": "/nix/store/8vcxpavvvwmvak2yfpym6x5qxp9fxlmm-python3.13-speedtest-cli-2.1.3-dist"
            }
          ],
          "store_path": "/nix/store/2c9i8l38jshzqsnmh4nhs2b8ysq0r00v-python3.13-speedtest-cli-2.1.3"
        },
        "aarch64-linux": {
          "outputs": [
            {
              "name": "out",
              "path": "/nix/store/d59s4ilr35sfl76gmsami76lr5ay9mai-python3.13-speedtest-cli-2.1.3",
              "default": true
            },
            {
              "name": "dist",
              "path": "/nix/store/w3ia6icysb8cwlqmdfyml2vxqbn5yc0i-python3.13-speedtest-cli-2.1.3-dist"
            }
          ],
          "store_path": "/nix/store/d59s4ilr35sfl76gmsami76lr5ay9mai-python3.13-speedtest-cli-2.1.3"
        },
        "x86_64-darwin": {
          "outputs": [
            {
              "name": "out",
              "path": "/nix/store/dmllhk9yb99s3n29x7m1ccx63mvs7c3q-python3.13-speedtest-cli-2.1.3",
              "default": true
            },
            {
              "name": "dist",
              "path": "/nix/store/5aynz7xjcpw755dk7yk6rbaa29x2hb36-python3.13-speedtest-cli-2.1.3-dist"
            }
          ],
          "store_path": "/nix/store/dmllhk9yb99s3n29x7m1ccx63mvs7c3q-python3.13-speedtest-cli-2.1.3"
        },
        "x86_64-linux": {
          "outputs": [
            {
              "name": "out",
              "path": "/nix/store/x34lha5hrkbzzbdhl4ilbshpp04y6ak8-python3.13-speedtest-cli-2.1.3",
              "default": true
            },
            {
              "name": "dist",
              "path": "/nix/store/fq11cipln2c56yqdvljn88birkhi5ccl-python3.13-speedtest-cli-2.1.3-dist"
            }
          ],
          "store_path": "/nix/store/x34lha5hrkbzzbdhl4ilbshpp04y6ak8-python3.13-speedtest-cli-2.1.3"
        }
      }
    },
    "starship@latest": {
      "last_modified": "2026-01-23T17:20:52Z",
      "resolved": "github:NixOS/nixpkgs/a1bab9e494f5f4939442a57a58d0449a109593fe#starship",
      "source": "devbox-search",
      "version": "1.24.2",
      "systems": {
        "aarch64-darwin": {
          "outputs": [
            {
              "name": "out",
              "path": "/nix/store/602d77lalcmm01xr29ahlhlz68z1ysvz-starship-1.24.2",
              "default": true
            }
          ],
          "store_path": "/nix/store/602d77lalcmm01xr29ahlhlz68z1ysvz-starship-1.24.2"
        },
        "aarch64-linux": {
          "outputs": [
            {
              "name": "out",
              "path": "/nix/store/b2my55ai8xxm9wlxmrhqr211dv0rkl22-starship-1.24.2",
              "default": true
            }
          ],
          "store_path": "/nix/store/b2my55ai8xxm9wlxmrhqr211dv0rkl22-starship-1.24.2"
        },
        "x86_64-darwin": {
          "outputs": [
            {
              "name": "out",
              "path": "/nix/store/5h9sjh2hiw5giffwgijvm03dc46rlyxj-starship-1.24.2",
              "default": true
            }
          ],
          "store_path": "/nix/store/5h9sjh2hiw5giffwgijvm03dc46rlyxj-starship-1.24.2"
        },
        "x86_64-linux": {
          "outputs": [
            {
              "name": "out",
              "path": "/nix/store/j0aj06b2hf0jxppgjfxq7x8mlk9mlkpn-starship-1.24.2",
              "default": true
            }
          ],
          "store_path": "/nix/store/j0aj06b2hf0jxppgjfxq7x8mlk9mlkpn-starship-1.24.2"
        }
      }
    },
    "tealdeer@latest": {
      "last_modified": "2026-01-23T17:20:52Z",
      "resolved": "github:NixOS/nixpkgs/a1bab9e494f5f4939442a57a58d0449a109593fe#tealdeer",
      "source": "devbox-search",
      "version": "1.8.1",
      "systems": {
        "aarch64-darwin": {
          "outputs": [
            {
              "name": "out",
              "path": "/nix/store/vifqb10dinc10z20pa8xnmnbx30pcabv-tealdeer-1.8.1",
              "default": true
            }
          ],
          "store_path": "/nix/store/vifqb10dinc10z20pa8xnmnbx30pcabv-tealdeer-1.8.1"
        },
        "aarch64-linux": {
          "outputs": [
            {
              "name": "out",
              "path": "/nix/store/8ls22468k78v8xqp8wcaa61a2yizddrw-tealdeer-1.8.1",
              "default": true
            }
          ],
          "store_path": "/nix/store/8ls22468k78v8xqp8wcaa61a2yizddrw-tealdeer-1.8.1"
        },
        "x86_64-darwin": {
          "outputs": [
            {
              "name": "out",
              "path": "/nix/store/69jfra67z4qk6srrmgy46civ1j5ap6i0-tealdeer-1.8.1",
              "default": true
            }
          ],
          "store_path": "/nix/store/69jfra67z4qk6srrmgy46civ1j5ap6i0-tealdeer-1.8.1"
        },
        "x86_64-linux": {
          "outputs": [
            {
              "name": "out",
              "path": "/nix/store/7gr5py257hmra9fab0x03s1k7sb1vswg-tealdeer-1.8.1",
              "default": true
            }
          ],
          "store_path": "/nix/store/7gr5py257hmra9fab0x03s1k7sb1vswg-tealdeer-1.8.1"
        }
      }
    },
    "terminal-notifier@latest": {
      "last_modified": "2026-01-23T17:20:52Z",
      "resolved": "github:NixOS/nixpkgs/a1bab9e494f5f4939442a57a58d0449a109593fe#terminal-notifier",
      "source": "devbox-search",
      "version": "2.0.0",
      "systems": {
        "aarch64-darwin": {
          "outputs": [
            {
              "name": "out",
              "path": "/nix/store/iwfr0psii0xb9f4dlmwc9f34whj2s1zm-terminal-notifier-2.0.0",
              "default": true
            }
          ],
          "store_path": "/nix/store/iwfr0psii0xb9f4dlmwc9f34whj2s1zm-terminal-notifier-2.0.0"
        },
        "x86_64-darwin": {
          "outputs": [
            {
              "name": "out",
              "path": "/nix/store/fsm9ff6801xg3fn0lc0xlqakh83m4zi5-terminal-notifier-2.0.0",
              "default": true
            }
          ],
          "store_path": "/nix/store/fsm9ff6801xg3fn0lc0xlqakh83m4zi5-terminal-notifier-2.0.0"
        }
      }
    },
    "watchman@latest": {
      "last_modified": "2026-01-23T17:20:52Z",
      "resolved": "github:NixOS/nixpkgs/a1bab9e494f5f4939442a57a58d0449a109593fe#watchman",
      "source": "devbox-search",
      "version": "2025.10.13.00",
      "systems": {
        "aarch64-darwin": {
          "outputs": [
            {
              "name": "out",
              "path": "/nix/store/jr81f662jxjwn3qvhdfhirdak9jbdq5k-watchman-2025.10.13.00",
              "default": true
            }
          ],
          "store_path": "/nix/store/jr81f662jxjwn3qvhdfhirdak9jbdq5k-watchman-2025.10.13.00"
        },
        "aarch64-linux": {
          "outputs": [
            {
              "name": "out",
              "path": "/nix/store/95rl03m5i6jd8iy5qksmzv02raac641d-watchman-2025.10.13.00",
              "default": true
            }
          ],
          "store_path": "/nix/store/95rl03m5i6jd8iy5qksmzv02raac641d-watchman-2025.10.13.00"
        },
        "x86_64-darwin": {
          "outputs": [
            {
              "name": "out",
              "path": "/nix/store/jz0i3gbp4nrxzxfw2byfyv1fdccw5jyh-watchman-2025.10.13.00",
              "default": true
            }
          ],
          "store_path": "/nix/store/jz0i3gbp4nrxzxfw2byfyv1fdccw5jyh-watchman-2025.10.13.00"
        },
        "x86_64-linux": {
          "outputs": [
            {
              "name": "out",
              "path": "/nix/store/k5kaj4qqvb0h2d858wi4mghjf23064x8-watchman-2025.10.13.00",
              "default": true
            }
          ],
          "store_path": "/nix/store/k5kaj4qqvb0h2d858wi4mghjf23064x8-watchman-2025.10.13.00"
        }
      }
    },
    "zsh@latest": {
      "last_modified": "2026-01-30T02:32:49Z",
      "resolved": "github:NixOS/nixpkgs/6308c3b21396534d8aaeac46179c14c439a89b8a#zsh",
      "source": "devbox-search",
      "version": "5.9",
      "systems": {
        "aarch64-darwin": {
          "outputs": [
            {
              "name": "out",
              "path": "/nix/store/lrlls6c62cfix6mvgkrm2x4pyps53cb5-zsh-5.9",
              "default": true
            },
            {
              "name": "man",
              "path": "/nix/store/b1hzggqbksv14yiy2gnan633l0k2k8h1-zsh-5.9-man",
              "default": true
            },
            {
              "name": "doc",
              "path": "/nix/store/criymylnvn8zxfcshkpjz9j633qlgvdd-zsh-5.9-doc"
            },
            {
              "name": "info",
              "path": "/nix/store/a1n0dij59rb2z880vs2kckf90ym1w5s1-zsh-5.9-info"
            }
          ],
          "store_path": "/nix/store/lrlls6c62cfix6mvgkrm2x4pyps53cb5-zsh-5.9"
        },
        "aarch64-linux": {
          "outputs": [
            {
              "name": "out",
              "path": "/nix/store/98gj6hydnxv9mhv8mq8kzwjnv4303gmc-zsh-5.9",
              "default": true
            },
            {
              "name": "man",
              "path": "/nix/store/lsf8s1nbkbximskyi3pgirpz3jpfkbsi-zsh-5.9-man",
              "default": true
            },
            {
              "name": "doc",
              "path": "/nix/store/snc5dvsl7yp47z182lzaaiki5wpb4zn2-zsh-5.9-doc"
            },
            {
              "name": "info",
              "path": "/nix/store/l2zi2sy0sya9d4v12k45dz1xiw4wijvf-zsh-5.9-info"
            }
          ],
          "store_path": "/nix/store/98gj6hydnxv9mhv8mq8kzwjnv4303gmc-zsh-5.9"
        },
        "x86_64-darwin": {
          "outputs": [
            {
              "name": "out",
              "path": "/nix/store/grlbdzbww4rayws65bkc0lvhq9h14s93-zsh-5.9",
              "default": true
            },
            {
              "name": "man",
              "path": "/nix/store/glpqd4warnilkrf02djkx7pg7g8f9swx-zsh-5.9-man",
              "default": true
            },
            {
              "name": "doc",
              "path": "/nix/store/p1fd5inci4q9ricvwxgnfxfv06jafd9w-zsh-5.9-doc"
            },
            {
              "name": "info",
              "path": "/nix/store/pca33wv8mhzgwvsfh3qrs7z0z7hd9qdg-zsh-5.9-info"
            }
          ],
          "store_path": "/nix/store/grlbdzbww4rayws65bkc0lvhq9h14s93-zsh-5.9"
        },
        "x86_64-linux": {
          "outputs": [
            {
              "name": "out",
              "path": "/nix/store/ghzs95qyvdr92d45xx52vfa778qhw908-zsh-5.9",
              "default": true
            },
            {
              "name": "man",
              "path": "/nix/store/csi9z3npdq5wmjffqhh2zmfqmw5x53m1-zsh-5.9-man",
              "default": true
            },
            {
              "name": "doc",
              "path": "/nix/store/p1zfb9clqx3gify3c3sxw74srcw02mal-zsh-5.9-doc"
            },
            {
              "name": "info",
              "path": "/nix/store/szplbyp0kldwdwka1qnjvhhx2scv02xc-zsh-5.9-info"
            }
          ],
          "store_path": "/nix/store/ghzs95qyvdr92d45xx52vfa778qhw908-zsh-5.9"
        }
      }
    }
  }
}
